
Microsoft Visual Studio Solution File, Format Version 12.00
# Visual Studio Version 17
VisualStudioVersion = 17.11.35303.130
MinimumVisualStudioVersion = 10.0.40219.1
Project("{FAE04EC0-301F-11D3-BF4B-00C04F79EFBC}") = "SteamSyncDB", "SteamSyncDB.csproj", "{5E3DA773-E365-4CFF-9C31-73DC107B4CEE}"
EndProject
Global
	GlobalSection(SolutionConfigurationPlatforms) = preSolution
		Debug|Any CPU = Debug|Any CPU
		Release|Any CPU = Release|Any CPU
	EndGlobalSection
	GlobalSection(ProjectConfigurationPlatforms) = postSolution
		{5E3DA773-E365-4CFF-9C31-73DC107B4CEE}.Debug|Any CPU.ActiveCfg = Debug|Any CPU
		{5E3DA773-E365-4CFF-9C31-73DC107B4CEE}.Debug|Any CPU.Build.0 = Debug|Any CPU
		{5E3DA773-E365-4CFF-9C31-73DC107B4CEE}.Release|Any CPU.ActiveCfg = Release|Any CPU
		{5E3DA773-E365-4CFF-9C31-73DC107B4CEE}.Release|Any CPU.Build.0 = Release|Any CPU
	EndGlobalSection
	GlobalSection(SolutionProperties) = preSolution
		HideSolutionNode = FALSE
	EndGlobalSection
	GlobalSection(ExtensibilityGlobals) = postSolution
		SolutionGuid = {D316A011-3365-42F8-9728-75CA53B72666}
	EndGlobalSection
EndGlobal
